
Microsoft Visual Studio Solution File, Format Version 12.00
# Visual Studio Version 17
VisualStudioVersion = 17.14.36301.6 d17.14
MinimumVisualStudioVersion = 10.0.40219.1
Project("{FAE04EC0-301F-11D3-BF4B-00C04F79EFBC}") = "conscience", "conscience\conscience.csproj", "{990FE9C6-6629-467D-8805-D3A664081811}"
EndProject
Global
	GlobalSection(SolutionConfigurationPlatforms) = preSolution
		Debug|Any CPU = Debug|Any CPU
		Release|Any CPU = Release|Any CPU
	EndGlobalSection
	GlobalSection(ProjectConfigurationPlatforms) = postSolution
		{990FE9C6-6629-467D-8805-D3A664081811}.Debug|Any CPU.ActiveCfg = Debug|Any CPU
		{990FE9C6-6629-467D-8805-D3A664081811}.Debug|Any CPU.Build.0 = Debug|Any CPU
		{990FE9C6-6629-467D-8805-D3A664081811}.Release|Any CPU.ActiveCfg = Release|Any CPU
		{990FE9C6-6629-467D-8805-D3A664081811}.Release|Any CPU.Build.0 = Release|Any CPU
	EndGlobalSection
	GlobalSection(SolutionProperties) = preSolution
		HideSolutionNode = FALSE
	EndGlobalSection
	GlobalSection(ExtensibilityGlobals) = postSolution
		SolutionGuid = {EC589AC7-C22D-4D4C-9B1B-BEF709EF4818}
	EndGlobalSection
EndGlobal
